// !$*UTF8*$!
{
	archiveVersion = 1;
	classes = {
	};
	objectVersion = 48;
	objects = {

/* Begin PBXBuildFile section */
		9C2D397C206F78DF00A2D9B5 /* AppDelegate.swift in Sources */ = {isa = PBXBuildFile; fileRef = 9C2D397B206F78DF00A2D9B5 /* AppDelegate.swift */; };
		9C2D397E206F78DF00A2D9B5 /* ViewController.swift in Sources */ = {isa = PBXBuildFile; fileRef = 9C2D397D206F78DF00A2D9B5 /* ViewController.swift */; };
		9C2D3981206F78DF00A2D9B5 /* Main.storyboard in Resources */ = {isa = PBXBuildFile; fileRef = 9C2D397F206F78DF00A2D9B5 /* Main.storyboard */; };
		9C2D3983206F78DF00A2D9B5 /* Assets.xcassets in Resources */ = {isa = PBXBuildFile; fileRef = 9C2D3982206F78DF00A2D9B5 /* Assets.xcassets */; };
		9C2D3986206F78DF00A2D9B5 /* LaunchScreen.storyboard in Resources */ = {isa = PBXBuildFile; fileRef = 9C2D3984206F78DF00A2D9B5 /* LaunchScreen.storyboard */; };
		9C2D3991206F78E000A2D9B5 /* ApplePayDemoTests.swift in Sources */ = {isa = PBXBuildFile; fileRef = 9C2D3990206F78E000A2D9B5 /* ApplePayDemoTests.swift */; };
		9C2D399C206F78E000A2D9B5 /* ApplePayDemoUITests.swift in Sources */ = {isa = PBXBuildFile; fileRef = 9C2D399B206F78E000A2D9B5 /* ApplePayDemoUITests.swift */; };
		9C2D39AC206F7A2A00A2D9B5 /* PassKit.framework in Frameworks */ = {isa = PBXBuildFile; fileRef = 9C2D39AB206F7A2A00A2D9B5 /* PassKit.framework */; };
/* End PBXBuildFile section */

/* Begin PBXContainerItemProxy section */
		9C2D398D206F78E000A2D9B5 /* PBXContainerItemProxy */ = {
			isa = PBXContainerItemProxy;
			containerPortal = 9C2D3970206F78DF00A2D9B5 /* Project object */;
			proxyType = 1;
			remoteGlobalIDString = 9C2D3977206F78DF00A2D9B5;
			remoteInfo = ApplePayDemo;
		};
		9C2D3998206F78E000A2D9B5 /* PBXContainerItemProxy */ = {
			isa = PBXContainerItemProxy;
			containerPortal = 9C2D3970206F78DF00A2D9B5 /* Project object */;
			proxyType = 1;
			remoteGlobalIDString = 9C2D3977206F78DF00A2D9B5;
			remoteInfo = ApplePayDemo;
		};
/* End PBXContainerItemProxy section */

/* Begin PBXFileReference section */
		9C2D3978206F78DF00A2D9B5 /* ApplePayDemo.app */ = {isa = PBXFileReference; explicitFileType = wrapper.application; includeInIndex = 0; path = ApplePayDemo.app; sourceTree = BUILT_PRODUCTS_DIR; };
		9C2D397B206F78DF00A2D9B5 /* AppDelegate.swift */ = {isa = PBXFileReference; lastKnownFileType = sourcecode.swift; path = AppDelegate.swift; sourceTree = "<group>"; };
		9C2D397D206F78DF00A2D9B5 /* ViewController.swift */ = {isa = PBXFileReference; lastKnownFileType = sourcecode.swift; path = ViewController.swift; sourceTree = "<group>"; };
		9C2D3980206F78DF00A2D9B5 /* Base */ = {isa = PBXFileReference; lastKnownFileType = file.storyboard; name = Base; path = Base.lproj/Main.storyboard; sourceTree = "<group>"; };
		9C2D3982206F78DF00A2D9B5 /* Assets.xcassets */ = {isa = PBXFileReference; lastKnownFileType = folder.assetcatalog; path = Assets.xcassets; sourceTree = "<group>"; };
		9C2D3985206F78DF00A2D9B5 /* Base */ = {isa = PBXFileReference; lastKnownFileType = file.storyboard; name = Base; path = Base.lproj/LaunchScreen.storyboard; sourceTree = "<group>"; };
		9C2D3987206F78DF00A2D9B5 /* Info.plist */ = {isa = PBXFileReference; lastKnownFileType = text.plist.xml; path = Info.plist; sourceTree = "<group>"; };
		9C2D398C206F78E000A2D9B5 /* ApplePayDemoTests.xctest */ = {isa = PBXFileReference; explicitFileType = wrapper.cfbundle; includeInIndex = 0; path = ApplePayDemoTests.xctest; sourceTree = BUILT_PRODUCTS_DIR; };
		9C2D3990206F78E000A2D9B5 /* ApplePayDemoTests.swift */ = {isa = PBXFileReference; lastKnownFileType = sourcecode.swift; path = ApplePayDemoTests.swift; sourceTree = "<group>"; };
		9C2D3992206F78E000A2D9B5 /* Info.plist */ = {isa = PBXFileReference; lastKnownFileType = text.plist.xml; path = Info.plist; sourceTree = "<group>"; };
		9C2D3997206F78E000A2D9B5 /* ApplePayDemoUITests.xctest */ = {isa = PBXFileReference; explicitFileType = wrapper.cfbundle; includeInIndex = 0; path = ApplePayDemoUITests.xctest; sourceTree = BUILT_PRODUCTS_DIR; };
		9C2D399B206F78E000A2D9B5 /* ApplePayDemoUITests.swift */ = {isa = PBXFileReference; lastKnownFileType = sourcecode.swift; path = ApplePayDemoUITests.swift; sourceTree = "<group>"; };
		9C2D399D206F78E000A2D9B5 /* Info.plist */ = {isa = PBXFileReference; lastKnownFileType = text.plist.xml; path = Info.plist; sourceTree = "<group>"; };
		9C2D39A9206F791000A2D9B5 /* ApplePayDemo.entitlements */ = {isa = PBXFileReference; lastKnownFileType = text.plist.entitlements; path = ApplePayDemo.entitlements; sourceTree = "<group>"; };
		9C2D39AB206F7A2A00A2D9B5 /* PassKit.framework */ = {isa = PBXFileReference; lastKnownFileType = wrapper.framework; name = PassKit.framework; path = System/Library/Frameworks/PassKit.framework; sourceTree = SDKROOT; };
/* End PBXFileReference section */

/* Begin PBXFrameworksBuildPhase section */
		9C2D3975206F78DF00A2D9B5 /* Frameworks */ = {
			isa = PBXFrameworksBuildPhase;
			buildActionMask = 2147483647;
			files = (
				9C2D39AC206F7A2A00A2D9B5 /* PassKit.framework in Frameworks */,
			);
			runOnlyForDeploymentPostprocessing = 0;
		};
		9C2D3989206F78E000A2D9B5 /* Frameworks */ = {
			isa = PBXFrameworksBuildPhase;
			buildActionMask = 2147483647;
			files = (
			);
			runOnlyForDeploymentPostprocessing = 0;
		};
		9C2D3994206F78E000A2D9B5 /* Frameworks */ = {
			isa = PBXFrameworksBuildPhase;
			buildActionMask = 2147483647;
			files = (
			);
			runOnlyForDeploymentPostprocessing = 0;
		};
/* End PBXFrameworksBuildPhase section */

/* Begin PBXGroup section */
		9C2D396F206F78DF00A2D9B5 = {
			isa = PBXGroup;
			children = (
				9C2D397A206F78DF00A2D9B5 /* ApplePayDemo */,
				9C2D398F206F78E000A2D9B5 /* ApplePayDemoTests */,
				9C2D399A206F78E000A2D9B5 /* ApplePayDemoUITests */,
				9C2D3979206F78DF00A2D9B5 /* Products */,
				9C2D39AA206F7A2A00A2D9B5 /* Frameworks */,
			);
			sourceTree = "<group>";
		};
		9C2D3979206F78DF00A2D9B5 /* Products */ = {
			isa = PBXGroup;
			children = (
				9C2D3978206F78DF00A2D9B5 /* ApplePayDemo.app */,
				9C2D398C206F78E000A2D9B5 /* ApplePayDemoTests.xctest */,
				9C2D3997206F78E000A2D9B5 /* ApplePayDemoUITests.xctest */,
			);
			name = Products;
			sourceTree = "<group>";
		};
		9C2D397A206F78DF00A2D9B5 /* ApplePayDemo */ = {
			isa = PBXGroup;
			children = (
				9C2D39A9206F791000A2D9B5 /* ApplePayDemo.entitlements */,
				9C2D397B206F78DF00A2D9B5 /* AppDelegate.swift */,
				9C2D397D206F78DF00A2D9B5 /* ViewController.swift */,
				9C2D397F206F78DF00A2D9B5 /* Main.storyboard */,
				9C2D3982206F78DF00A2D9B5 /* Assets.xcassets */,
				9C2D3984206F78DF00A2D9B5 /* LaunchScreen.storyboard */,
				9C2D3987206F78DF00A2D9B5 /* Info.plist */,
			);
			path = ApplePayDemo;
			sourceTree = "<group>";
		};
		9C2D398F206F78E000A2D9B5 /* ApplePayDemoTests */ = {
			isa = PBXGroup;
			children = (
				9C2D3990206F78E000A2D9B5 /* ApplePayDemoTests.swift */,
				9C2D3992206F78E000A2D9B5 /* Info.plist */,
			);
			path = ApplePayDemoTests;
			sourceTree = "<group>";
		};
		9C2D399A206F78E000A2D9B5 /* ApplePayDemoUITests */ = {
			isa = PBXGroup;
			children = (
				9C2D399B206F78E000A2D9B5 /* ApplePayDemoUITests.swift */,
				9C2D399D206F78E000A2D9B5 /* Info.plist */,
			);
			path = ApplePayDemoUITests;
			sourceTree = "<group>";
		};
		9C2D39AA206F7A2A00A2D9B5 /* Frameworks */ = {
			isa = PBXGroup;
			children = (
				9C2D39AB206F7A2A00A2D9B5 /* PassKit.framework */,
			);
			name = Frameworks;
			sourceTree = "<group>";
		};
/* End PBXGroup section */

/* Begin PBXNativeTarget section */
		9C2D3977206F78DF00A2D9B5 /* ApplePayDemo */ = {
			isa = PBXNativeTarget;
			buildConfigurationList = 9C2D39A0206F78E000A2D9B5 /* Build configuration list for PBXNativeTarget "ApplePayDemo" */;
			buildPhases = (
				9C2D3974206F78DF00A2D9B5 /* Sources */,
				9C2D3975206F78DF00A2D9B5 /* Frameworks */,
				9C2D3976206F78DF00A2D9B5 /* Resources */,
			);
			buildRules = (
			);
			dependencies = (
			);
			name = ApplePayDemo;
			productName = ApplePayDemo;
			productReference = 9C2D3978206F78DF00A2D9B5 /* ApplePayDemo.app */;
			productType = "com.apple.product-type.application";
		};
		9C2D398B206F78E000A2D9B5 /* ApplePayDemoTests */ = {
			isa = PBXNativeTarget;
			buildConfigurationList = 9C2D39A3206F78E000A2D9B5 /* Build configuration list for PBXNativeTarget "ApplePayDemoTests" */;
			buildPhases = (
				9C2D3988206F78E000A2D9B5 /* Sources */,
				9C2D3989206F78E000A2D9B5 /* Frameworks */,
				9C2D398A206F78E000A2D9B5 /* Resources */,
			);
			buildRules = (
			);
			dependencies = (
				9C2D398E206F78E000A2D9B5 /* PBXTargetDependency */,
			);
			name = ApplePayDemoTests;
			productName = ApplePayDemoTests;
			productReference = 9C2D398C206F78E000A2D9B5 /* ApplePayDemoTests.xctest */;
			productType = "com.apple.product-type.bundle.unit-test";
		};
		9C2D3996206F78E000A2D9B5 /* ApplePayDemoUITests */ = {
			isa = PBXNativeTarget;
			buildConfigurationList = 9C2D39A6206F78E000A2D9B5 /* Build configuration list for PBXNativeTarget "ApplePayDemoUITests" */;
			buildPhases = (
				9C2D3993206F78E000A2D9B5 /* Sources */,
				9C2D3994206F78E000A2D9B5 /* Frameworks */,
				9C2D3995206F78E000A2D9B5 /* Resources */,
			);
			buildRules = (
			);
			dependencies = (
				9C2D3999206F78E000A2D9B5 /* PBXTargetDependency */,
			);
			name = ApplePayDemoUITests;
			productName = ApplePayDemoUITests;
			productReference = 9C2D3997206F78E000A2D9B5 /* ApplePayDemoUITests.xctest */;
			productType = "com.apple.product-type.bundle.ui-testing";
		};
/* End PBXNativeTarget section */

/* Begin PBXProject section */
		9C2D3970206F78DF00A2D9B5 /* Project object */ = {
			isa = PBXProject;
			attributes = {
				LastSwiftUpdateCheck = 0920;
				LastUpgradeCheck = 0920;
				ORGANIZATIONNAME = "Karen Kong";
				TargetAttributes = {
					9C2D3977206F78DF00A2D9B5 = {
						CreatedOnToolsVersion = 9.2;
						ProvisioningStyle = Automatic;
						SystemCapabilities = {
							com.apple.ApplePay = {
								enabled = 1;
							};
							com.apple.Wallet = {
								enabled = 1;
							};
						};
					};
					9C2D398B206F78E000A2D9B5 = {
						CreatedOnToolsVersion = 9.2;
						ProvisioningStyle = Automatic;
						TestTargetID = 9C2D3977206F78DF00A2D9B5;
					};
					9C2D3996206F78E000A2D9B5 = {
						CreatedOnToolsVersion = 9.2;
						ProvisioningStyle = Automatic;
						TestTargetID = 9C2D3977206F78DF00A2D9B5;
					};
				};
			};
			buildConfigurationList = 9C2D3973206F78DF00A2D9B5 /* Build configuration list for PBXProject "ApplePayDemo" */;
			compatibilityVersion = "Xcode 8.0";
			developmentRegion = en;
			hasScannedForEncodings = 0;
			knownRegions = (
				en,
				Base,
			);
			mainGroup = 9C2D396F206F78DF00A2D9B5;
			productRefGroup = 9C2D3979206F78DF00A2D9B5 /* Products */;
			projectDirPath = "";
			projectRoot = "";
			targets = (
				9C2D3977206F78DF00A2D9B5 /* ApplePayDemo */,
				9C2D398B206F78E000A2D9B5 /* ApplePayDemoTests */,
				9C2D3996206F78E000A2D9B5 /* ApplePayDemoUITests */,
			);
		};
/* End PBXProject section */

/* Begin PBXResourcesBuildPhase section */
		9C2D3976206F78DF00A2D9B5 /* Resources */ = {
			isa = PBXResourcesBuildPhase;
			buildActionMask = 2147483647;
			files = (
				9C2D3986206F78DF00A2D9B5 /* LaunchScreen.storyboard in Resources */,
				9C2D3983206F78DF00A2D9B5 /* Assets.xcassets in Resources */,
				9C2D3981206F78DF00A2D9B5 /* Main.storyboard in Resources */,
			);
			runOnlyForDeploymentPostprocessing = 0;
		};
		9C2D398A206F78E000A2D9B5 /* Resources */ = {
			isa = PBXResourcesBuildPhase;
			buildActionMask = 2147483647;
			files = (
			);
			runOnlyForDeploymentPostprocessing = 0;
		};
		9C2D3995206F78E000A2D9B5 /* Resources */ = {
			isa = PBXResourcesBuildPhase;
			buildActionMask = 2147483647;
			files = (
			);
			runOnlyForDeploymentPostprocessing = 0;
		};
/* End PBXResourcesBuildPhase section */

/* Begin PBXSourcesBuildPhase section */
		9C2D3974206F78DF00A2D9B5 /* Sources */ = {
			isa = PBXSourcesBuildPhase;
			buildActionMask = 2147483647;
			files = (
				9C2D397E206F78DF00A2D9B5 /* ViewController.swift in Sources */,
				9C2D397C206F78DF00A2D9B5 /* AppDelegate.swift in Sources */,
			);
			runOnlyForDeploymentPostprocessing = 0;
		};
		9C2D3988206F78E000A2D9B5 /* Sources */ = {
			isa = PBXSourcesBuildPhase;
			buildActionMask = 2147483647;
			files = (
				9C2D3991206F78E000A2D9B5 /* ApplePayDemoTests.swift in Sources */,
			);
			runOnlyForDeploymentPostprocessing = 0;
		};
		9C2D3993206F78E000A2D9B5 /* Sources */ = {
			isa = PBXSourcesBuildPhase;
			buildActionMask = 2147483647;
			files = (
				9C2D399C206F78E000A2D9B5 /* ApplePayDemoUITests.swift in Sources */,
			);
			runOnlyForDeploymentPostprocessing = 0;
		};
/* End PBXSourcesBuildPhase section */

/* Begin PBXTargetDependency section */
		9C2D398E206F78E000A2D9B5 /* PBXTargetDependency */ = {
			isa = PBXTargetDependency;
			target = 9C2D3977206F78DF00A2D9B5 /* ApplePayDemo */;
			targetProxy = 9C2D398D206F78E000A2D9B5 /* PBXContainerItemProxy */;
		};
		9C2D3999206F78E000A2D9B5 /* PBXTargetDependency */ = {
			isa = PBXTargetDependency;
			target = 9C2D3977206F78DF00A2D9B5 /* ApplePayDemo */;
			targetProxy = 9C2D3998206F78E000A2D9B5 /* PBXContainerItemProxy */;
		};
/* End PBXTargetDependency section */

/* Begin PBXVariantGroup section */
		9C2D397F206F78DF00A2D9B5 /* Main.storyboard */ = {
			isa = PBXVariantGroup;
			children = (
				9C2D3980206F78DF00A2D9B5 /* Base */,
			);
			name = Main.storyboard;
			sourceTree = "<group>";
		};
		9C2D3984206F78DF00A2D9B5 /* LaunchScreen.storyboard */ = {
			isa = PBXVariantGroup;
			children = (
				9C2D3985206F78DF00A2D9B5 /* Base */,
			);
			name = LaunchScreen.storyboard;
			sourceTree = "<group>";
		};
/* End PBXVariantGroup section */

/* Begin XCBuildConfiguration section */
		9C2D399E206F78E000A2D9B5 /* Debug */ = {
			isa = XCBuildConfiguration;
			buildSettings = {
				ALWAYS_SEARCH_USER_PATHS = NO;
				CLANG_ANALYZER_NONNULL = YES;
				CLANG_ANALYZER_NUMBER_OBJECT_CONVERSION = YES_AGGRESSIVE;
				CLANG_CXX_LANGUAGE_STANDARD = "gnu++14";
				CLANG_CXX_LIBRARY = "libc++";
				CLANG_ENABLE_MODULES = YES;
				CLANG_ENABLE_OBJC_ARC = YES;
				CLANG_WARN_BLOCK_CAPTURE_AUTORELEASING = YES;
				CLANG_WARN_BOOL_CONVERSION = YES;
				CLANG_WARN_COMMA = YES;
				CLANG_WARN_CONSTANT_CONVERSION = YES;
				CLANG_WARN_DIRECT_OBJC_ISA_USAGE = YES_ERROR;
				CLANG_WARN_DOCUMENTATION_COMMENTS = YES;
				CLANG_WARN_EMPTY_BODY = YES;
				CLANG_WARN_ENUM_CONVERSION = YES;
				CLANG_WARN_INFINITE_RECURSION = YES;
				CLANG_WARN_INT_CONVERSION = YES;
				CLANG_WARN_NON_LITERAL_NULL_CONVERSION = YES;
				CLANG_WARN_OBJC_LITERAL_CONVERSION = YES;
				CLANG_WARN_OBJC_ROOT_CLASS = YES_ERROR;
				CLANG_WARN_RANGE_LOOP_ANALYSIS = YES;
				CLANG_WARN_STRICT_PROTOTYPES = YES;
				CLANG_WARN_SUSPICIOUS_MOVE = YES;
				CLANG_WARN_UNGUARDED_AVAILABILITY = YES_AGGRESSIVE;
				CLANG_WARN_UNREACHABLE_CODE = YES;
				CLANG_WARN__DUPLICATE_METHOD_MATCH = YES;
				CODE_SIGN_IDENTITY = "iPhone Developer";
				COPY_PHASE_STRIP = NO;
				DEBUG_INFORMATION_FORMAT = dwarf;
				ENABLE_STRICT_OBJC_MSGSEND = YES;
				ENABLE_TESTABILITY = YES;
				GCC_C_LANGUAGE_STANDARD = gnu11;
				GCC_DYNAMIC_NO_PIC = NO;
				GCC_NO_COMMON_BLOCKS = YES;
				GCC_OPTIMIZATION_LEVEL = 0;
				GCC_PREPROCESSOR_DEFINITIONS = (
					"DEBUG=1",
					"$(inherited)",
				);
				GCC_WARN_64_TO_32_BIT_CONVERSION = YES;
				GCC_WARN_ABOUT_RETURN_TYPE = YES_ERROR;
				GCC_WARN_UNDECLARED_SELECTOR = YES;
				GCC_WARN_UNINITIALIZED_AUTOS = YES_AGGRESSIVE;
				GCC_WARN_UNUSED_FUNCTION = YES;
				GCC_WARN_UNUSED_VARIABLE = YES;
				IPHONEOS_DEPLOYMENT_TARGET = 11.2;
				MTL_ENABLE_DEBUG_INFO = YES;
				ONLY_ACTIVE_ARCH = YES;
				SDKROOT = iphoneos;
				SWIFT_ACTIVE_COMPILATION_CONDITIONS = DEBUG;
				SWIFT_OPTIMIZATION_LEVEL = "-Onone";
			};
			name = Debug;
		};
		9C2D399F206F78E000A2D9B5 /* Release */ = {
			isa = XCBuildConfiguration;
			buildSettings = {
				ALWAYS_SEARCH_USER_PATHS = NO;
				CLANG_ANALYZER_NONNULL = YES;
				CLANG_ANALYZER_NUMBER_OBJECT_CONVERSION = YES_AGGRESSIVE;
				CLANG_CXX_LANGUAGE_STANDARD = "gnu++14";
				CLANG_CXX_LIBRARY = "libc++";
				CLANG_ENABLE_MODULES = YES;
				CLANG_ENABLE_OBJC_ARC = YES;
				CLANG_WARN_BLOCK_CAPTURE_AUTORELEASING = YES;
				CLANG_WARN_BOOL_CONVERSION = YES;
				CLANG_WARN_COMMA = YES;
				CLANG_WARN_CONSTANT_CONVERSION = YES;
				CLANG_WARN_DIRECT_OBJC_ISA_USAGE = YES_ERROR;
				CLANG_WARN_DOCUMENTATION_COMMENTS = YES;
				CLANG_WARN_EMPTY_BODY = YES;
				CLANG_WARN_ENUM_CONVERSION = YES;
				CLANG_WARN_INFINITE_RECURSION = YES;
				CLANG_WARN_INT_CONVERSION = YES;
				CLANG_WARN_NON_LITERAL_NULL_CONVERSION = YES;
				CLANG_WARN_OBJC_LITERAL_CONVERSION = YES;
				CLANG_WARN_OBJC_ROOT_CLASS = YES_ERROR;
				CLANG_WARN_RANGE_LOOP_ANALYSIS = YES;
				CLANG_WARN_STRICT_PROTOTYPES = YES;
				CLANG_WARN_SUSPICIOUS_MOVE = YES;
				CLANG_WARN_UNGUARDED_AVAILABILITY = YES_AGGRESSIVE;
				CLANG_WARN_UNREACHABLE_CODE = YES;
				CLANG_WARN__DUPLICATE_METHOD_MATCH = YES;
				CODE_SIGN_IDENTITY = "iPhone Developer";
				COPY_PHASE_STRIP = NO;
				DEBUG_INFORMATION_FORMAT = "dwarf-with-dsym";
				ENABLE_NS_ASSERTIONS = NO;
				ENABLE_STRICT_OBJC_MSGSEND = YES;
				GCC_C_LANGUAGE_STANDARD = gnu11;
				GCC_NO_COMMON_BLOCKS = YES;
				GCC_WARN_64_TO_32_BIT_CONVERSION = YES;
				GCC_WARN_ABOUT_RETURN_TYPE = YES_ERROR;
				GCC_WARN_UNDECLARED_SELECTOR = YES;
				GCC_WARN_UNINITIALIZED_AUTOS = YES_AGGRESSIVE;
				GCC_WARN_UNUSED_FUNCTION = YES;
				GCC_WARN_UNUSED_VARIABLE = YES;
				IPHONEOS_DEPLOYMENT_TARGET = 11.2;
				MTL_ENABLE_DEBUG_INFO = NO;
				SDKROOT = iphoneos;
				SWIFT_OPTIMIZATION_LEVEL = "-Owholemodule";
				VALIDATE_PRODUCT = YES;
			};
			name = Release;
		};
		9C2D39A1206F78E000A2D9B5 /* Debug */ = {
			isa = XCBuildConfiguration;
			buildSettings = {
				ASSETCATALOG_COMPILER_APPICON_NAME = AppIcon;
				CODE_SIGN_ENTITLEMENTS = ApplePayDemo/ApplePayDemo.entitlements;
				CODE_SIGN_STYLE = Automatic;
				DEVELOPMENT_TEAM = GNMSVT9QR6;
				INFOPLIST_FILE = ApplePayDemo/Info.plist;
				LD_RUNPATH_SEARCH_PATHS = "$(inherited) @executable_path/Frameworks";
				PRODUCT_BUNDLE_IDENTIFIER = com.lahacks.ApplePayDemo;
				PRODUCT_NAME = "$(TARGET_NAME)";
				SWIFT_VERSION = 4.0;
				TARGETED_DEVICE_FAMILY = "1,2";
			};
			name = Debug;
		};
		9C2D39A2206F78E000A2D9B5 /* Release */ = {
			isa = XCBuildConfiguration;
			buildSettings = {
				ASSETCATALOG_COMPILER_APPICON_NAME = AppIcon;
				CODE_SIGN_ENTITLEMENTS = ApplePayDemo/ApplePayDemo.entitlements;
				CODE_SIGN_STYLE = Automatic;
				DEVELOPMENT_TEAM = GNMSVT9QR6;
				INFOPLIST_FILE = ApplePayDemo/Info.plist;
				LD_RUNPATH_SEARCH_PATHS = "$(inherited) @executable_path/Frameworks";
				PRODUCT_BUNDLE_IDENTIFIER = com.lahacks.ApplePayDemo;
				PRODUCT_NAME = "$(TARGET_NAME)";
				SWIFT_VERSION = 4.0;
				TARGETED_DEVICE_FAMILY = "1,2";
			};
			name = Release;
		};
		9C2D39A4206F78E000A2D9B5 /* Debug */ = {
			isa = XCBuildConfiguration;
			buildSettings = {
				ALWAYS_EMBED_SWIFT_STANDARD_LIBRARIES = YES;
				BUNDLE_LOADER = "$(TEST_HOST)";
				CODE_SIGN_STYLE = Automatic;
				INFOPLIST_FILE = ApplePayDemoTests/Info.plist;
				LD_RUNPATH_SEARCH_PATHS = "$(inherited) @executable_path/Frameworks @loader_path/Frameworks";
				PRODUCT_BUNDLE_IDENTIFIER = com.ApplePayDemoTests;
				PRODUCT_NAME = "$(TARGET_NAME)";
				SWIFT_VERSION = 4.0;
				TARGETED_DEVICE_FAMILY = "1,2";
				TEST_HOST = "$(BUILT_PRODUCTS_DIR)/ApplePayDemo.app/ApplePayDemo";
			};
			name = Debug;
		};
		9C2D39A5206F78E000A2D9B5 /* Release */ = {
			isa = XCBuildConfiguration;
			buildSettings = {
				ALWAYS_EMBED_SWIFT_STANDARD_LIBRARIES = YES;
				BUNDLE_LOADER = "$(TEST_HOST)";
				CODE_SIGN_STYLE = Automatic;
				INFOPLIST_FILE = ApplePayDemoTests/Info.plist;
				LD_RUNPATH_SEARCH_PATHS = "$(inherited) @executable_path/Frameworks @loader_path/Frameworks";
				PRODUCT_BUNDLE_IDENTIFIER = com.ApplePayDemoTests;
				PRODUCT_NAME = "$(TARGET_NAME)";
				SWIFT_VERSION = 4.0;
				TARGETED_DEVICE_FAMILY = "1,2";
				TEST_HOST = "$(BUILT_PRODUCTS_DIR)/ApplePayDemo.app/ApplePayDemo";
			};
			name = Release;
		};
		9C2D39A7206F78E000A2D9B5 /* Debug */ = {
			isa = XCBuildConfiguration;
			buildSettings = {
				ALWAYS_EMBED_SWIFT_STANDARD_LIBRARIES = YES;
				CODE_SIGN_STYLE = Automatic;
				INFOPLIST_FILE = ApplePayDemoUITests/Info.plist;
				LD_RUNPATH_SEARCH_PATHS = "$(inherited) @executable_path/Frameworks @loader_path/Frameworks";
				PRODUCT_BUNDLE_IDENTIFIER = com.ApplePayDemoUITests;
				PRODUCT_NAME = "$(TARGET_NAME)";
				SWIFT_VERSION = 4.0;
				TARGETED_DEVICE_FAMILY = "1,2";
				TEST_TARGET_NAME = ApplePayDemo;
			};
			name = Debug;
		};
		9C2D39A8206F78E000A2D9B5 /* Release */ = {
			isa = XCBuildConfiguration;
			buildSettings = {
				ALWAYS_EMBED_SWIFT_STANDARD_LIBRARIES = YES;
				CODE_SIGN_STYLE = Automatic;
				INFOPLIST_FILE = ApplePayDemoUITests/Info.plist;
				LD_RUNPATH_SEARCH_PATHS = "$(inherited) @executable_path/Frameworks @loader_path/Frameworks";
				PRODUCT_BUNDLE_IDENTIFIER = com.ApplePayDemoUITests;
				PRODUCT_NAME = "$(TARGET_NAME)";
				SWIFT_VERSION = 4.0;
				TARGETED_DEVICE_FAMILY = "1,2";
				TEST_TARGET_NAME = ApplePayDemo;
			};
			name = Release;
		};
/* End XCBuildConfiguration section */

/* Begin XCConfigurationList section */
		9C2D3973206F78DF00A2D9B5 /* Build configuration list for PBXProject "ApplePayDemo" */ = {
			isa = XCConfigurationList;
			buildConfigurations = (
				9C2D399E206F78E000A2D9B5 /* Debug */,
				9C2D399F206F78E000A2D9B5 /* Release */,
			);
			defaultConfigurationIsVisible = 0;
			defaultConfigurationName = Release;
		};
		9C2D39A0206F78E000A2D9B5 /* Build configuration list for PBXNativeTarget "ApplePayDemo" */ = {
			isa = XCConfigurationList;
			buildConfigurations = (
				9C2D39A1206F78E000A2D9B5 /* Debug */,
				9C2D39A2206F78E000A2D9B5 /* Release */,
			);
			defaultConfigurationIsVisible = 0;
			defaultConfigurationName = Release;
		};
		9C2D39A3206F78E000A2D9B5 /* Build configuration list for PBXNativeTarget "ApplePayDemoTests" */ = {
			isa = XCConfigurationList;
			buildConfigurations = (
				9C2D39A4206F78E000A2D9B5 /* Debug */,
				9C2D39A5206F78E000A2D9B5 /* Release */,
			);
			defaultConfigurationIsVisible = 0;
			defaultConfigurationName = Release;
		};
		9C2D39A6206F78E000A2D9B5 /* Build configuration list for PBXNativeTarget "ApplePayDemoUITests" */ = {
			isa = XCConfigurationList;
			buildConfigurations = (
				9C2D39A7206F78E000A2D9B5 /* Debug */,
				9C2D39A8206F78E000A2D9B5 /* Release */,
			);
			defaultConfigurationIsVisible = 0;
			defaultConfigurationName = Release;
		};
/* End XCConfigurationList section */
	};
	rootObject = 9C2D3970206F78DF00A2D9B5 /* Project object */;
}
